// !$*UTF8*$!
{
	archiveVersion = 1;
	classes = {
	};
	objectVersion = 56;
	objects = {

/* Begin PBXBuildFile section */
		D20C435D2ACE0DAF00C1CB4B /* AppDelegate.swift in Sources */ = {isa = PBXBuildFile; fileRef = D20C435C2ACE0DAF00C1CB4B /* AppDelegate.swift */; };
		D20C435F2ACE0DAF00C1CB4B /* ViewController.swift in Sources */ = {isa = PBXBuildFile; fileRef = D20C435E2ACE0DAF00C1CB4B /* ViewController.swift */; };
		D20C43612ACE0DB000C1CB4B /* Assets.xcassets in Resources */ = {isa = PBXBuildFile; fileRef = D20C43602ACE0DB000C1CB4B /* Assets.xcassets */; };
		D20C43642ACE0DB000C1CB4B /* Main.storyboard in Resources */ = {isa = PBXBuildFile; fileRef = D20C43622ACE0DB000C1CB4B /* Main.storyboard */; };
		D20C436F2ACE0DB000C1CB4B /* rawViewerTests.swift in Sources */ = {isa = PBXBuildFile; fileRef = D20C436E2ACE0DB000C1CB4B /* rawViewerTests.swift */; };
		D20C43792ACE0DB000C1CB4B /* rawViewerUITests.swift in Sources */ = {isa = PBXBuildFile; fileRef = D20C43782ACE0DB000C1CB4B /* rawViewerUITests.swift */; };
		D20C437B2ACE0DB000C1CB4B /* rawViewerUITestsLaunchTests.swift in Sources */ = {isa = PBXBuildFile; fileRef = D20C437A2ACE0DB000C1CB4B /* rawViewerUITestsLaunchTests.swift */; };
		D27359082ACE0F0E0077301C /* FileController.swift in Sources */ = {isa = PBXBuildFile; fileRef = D27359072ACE0F0E0077301C /* FileController.swift */; };
/* End PBXBuildFile section */

/* Begin PBXContainerItemProxy section */
		D20C436B2ACE0DB000C1CB4B /* PBXContainerItemProxy */ = {
			isa = PBXContainerItemProxy;
			containerPortal = D20C43512ACE0DAF00C1CB4B /* Project object */;
			proxyType = 1;
			remoteGlobalIDString = D20C43582ACE0DAF00C1CB4B;
			remoteInfo = rawViewer;
		};
		D20C43752ACE0DB000C1CB4B /* PBXContainerItemProxy */ = {
			isa = PBXContainerItemProxy;
			containerPortal = D20C43512ACE0DAF00C1CB4B /* Project object */;
			proxyType = 1;
			remoteGlobalIDString = D20C43582ACE0DAF00C1CB4B;
			remoteInfo = rawViewer;
		};
/* End PBXContainerItemProxy section */

/* Begin PBXFileReference section */
		D20C43592ACE0DAF00C1CB4B /* rawViewer.app */ = {isa = PBXFileReference; explicitFileType = wrapper.application; includeInIndex = 0; path = rawViewer.app; sourceTree = BUILT_PRODUCTS_DIR; };
		D20C435C2ACE0DAF00C1CB4B /* AppDelegate.swift */ = {isa = PBXFileReference; lastKnownFileType = sourcecode.swift; path = AppDelegate.swift; sourceTree = "<group>"; };
		D20C435E2ACE0DAF00C1CB4B /* ViewController.swift */ = {isa = PBXFileReference; lastKnownFileType = sourcecode.swift; path = ViewController.swift; sourceTree = "<group>"; };
		D20C43602ACE0DB000C1CB4B /* Assets.xcassets */ = {isa = PBXFileReference; lastKnownFileType = folder.assetcatalog; path = Assets.xcassets; sourceTree = "<group>"; };
		D20C43632ACE0DB000C1CB4B /* Base */ = {isa = PBXFileReference; lastKnownFileType = file.storyboard; name = Base; path = Base.lproj/Main.storyboard; sourceTree = "<group>"; };
		D20C43652ACE0DB000C1CB4B /* rawViewer.entitlements */ = {isa = PBXFileReference; lastKnownFileType = text.plist.entitlements; path = rawViewer.entitlements; sourceTree = "<group>"; };
		D20C436A2ACE0DB000C1CB4B /* rawViewerTests.xctest */ = {isa = PBXFileReference; explicitFileType = wrapper.cfbundle; includeInIndex = 0; path = rawViewerTests.xctest; sourceTree = BUILT_PRODUCTS_DIR; };
		D20C436E2ACE0DB000C1CB4B /* rawViewerTests.swift */ = {isa = PBXFileReference; lastKnownFileType = sourcecode.swift; path = rawViewerTests.swift; sourceTree = "<group>"; };
		D20C43742ACE0DB000C1CB4B /* rawViewerUITests.xctest */ = {isa = PBXFileReference; explicitFileType = wrapper.cfbundle; includeInIndex = 0; path = rawViewerUITests.xctest; sourceTree = BUILT_PRODUCTS_DIR; };
		D20C43782ACE0DB000C1CB4B /* rawViewerUITests.swift */ = {isa = PBXFileReference; lastKnownFileType = sourcecode.swift; path = rawViewerUITests.swift; sourceTree = "<group>"; };
		D20C437A2ACE0DB000C1CB4B /* rawViewerUITestsLaunchTests.swift */ = {isa = PBXFileReference; lastKnownFileType = sourcecode.swift; path = rawViewerUITestsLaunchTests.swift; sourceTree = "<group>"; };
		D27359072ACE0F0E0077301C /* FileController.swift */ = {isa = PBXFileReference; lastKnownFileType = sourcecode.swift; path = FileController.swift; sourceTree = "<group>"; };
/* End PBXFileReference section */

/* Begin PBXFrameworksBuildPhase section */
		D20C43562ACE0DAF00C1CB4B /* Frameworks */ = {
			isa = PBXFrameworksBuildPhase;
			buildActionMask = 2147483647;
			files = (
			);
			runOnlyForDeploymentPostprocessing = 0;
		};
		D20C43672ACE0DB000C1CB4B /* Frameworks */ = {
			isa = PBXFrameworksBuildPhase;
			buildActionMask = 2147483647;
			files = (
			);
			runOnlyForDeploymentPostprocessing = 0;
		};
		D20C43712ACE0DB000C1CB4B /* Frameworks */ = {
			isa = PBXFrameworksBuildPhase;
			buildActionMask = 2147483647;
			files = (
			);
			runOnlyForDeploymentPostprocessing = 0;
		};
/* End PBXFrameworksBuildPhase section */

/* Begin PBXGroup section */
		D20C43502ACE0DAF00C1CB4B = {
			isa = PBXGroup;
			children = (
				D20C435B2ACE0DAF00C1CB4B /* rawViewer */,
				D20C436D2ACE0DB000C1CB4B /* rawViewerTests */,
				D20C43772ACE0DB000C1CB4B /* rawViewerUITests */,
				D20C435A2ACE0DAF00C1CB4B /* Products */,
			);
			sourceTree = "<group>";
		};
		D20C435A2ACE0DAF00C1CB4B /* Products */ = {
			isa = PBXGroup;
			children = (
				D20C43592ACE0DAF00C1CB4B /* rawViewer.app */,
				D20C436A2ACE0DB000C1CB4B /* rawViewerTests.xctest */,
				D20C43742ACE0DB000C1CB4B /* rawViewerUITests.xctest */,
			);
			name = Products;
			sourceTree = "<group>";
		};
		D20C435B2ACE0DAF00C1CB4B /* rawViewer */ = {
			isa = PBXGroup;
			children = (
				D20C435C2ACE0DAF00C1CB4B /* AppDelegate.swift */,
				D20C435E2ACE0DAF00C1CB4B /* ViewController.swift */,
				D20C43602ACE0DB000C1CB4B /* Assets.xcassets */,
				D20C43622ACE0DB000C1CB4B /* Main.storyboard */,
				D20C43652ACE0DB000C1CB4B /* rawViewer.entitlements */,
				D27359072ACE0F0E0077301C /* FileController.swift */,
			);
			path = rawViewer;
			sourceTree = "<group>";
		};
		D20C436D2ACE0DB000C1CB4B /* rawViewerTests */ = {
			isa = PBXGroup;
			children = (
				D20C436E2ACE0DB000C1CB4B /* rawViewerTests.swift */,
			);
			path = rawViewerTests;
			sourceTree = "<group>";
		};
		D20C43772ACE0DB000C1CB4B /* rawViewerUITests */ = {
			isa = PBXGroup;
			children = (
				D20C43782ACE0DB000C1CB4B /* rawViewerUITests.swift */,
				D20C437A2ACE0DB000C1CB4B /* rawViewerUITestsLaunchTests.swift */,
			);
			path = rawViewerUITests;
			sourceTree = "<group>";
		};
/* End PBXGroup section */

/* Begin PBXNativeTarget section */
		D20C43582ACE0DAF00C1CB4B /* rawViewer */ = {
			isa = PBXNativeTarget;
			buildConfigurationList = D20C437E2ACE0DB000C1CB4B /* Build configuration list for PBXNativeTarget "rawViewer" */;
			buildPhases = (
				D20C43552ACE0DAF00C1CB4B /* Sources */,
				D20C43562ACE0DAF00C1CB4B /* Frameworks */,
				D20C43572ACE0DAF00C1CB4B /* Resources */,
			);
			buildRules = (
			);
			dependencies = (
			);
			name = rawViewer;
			productName = rawViewer;
			productReference = D20C43592ACE0DAF00C1CB4B /* rawViewer.app */;
			productType = "com.apple.product-type.application";
		};
		D20C43692ACE0DB000C1CB4B /* rawViewerTests */ = {
			isa = PBXNativeTarget;
			buildConfigurationList = D20C43812ACE0DB000C1CB4B /* Build configuration list for PBXNativeTarget "rawViewerTests" */;
			buildPhases = (
				D20C43662ACE0DB000C1CB4B /* Sources */,
				D20C43672ACE0DB000C1CB4B /* Frameworks */,
				D20C43682ACE0DB000C1CB4B /* Resources */,
			);
			buildRules = (
			);
			dependencies = (
				D20C436C2ACE0DB000C1CB4B /* PBXTargetDependency */,
			);
			name = rawViewerTests;
			productName = rawViewerTests;
			productReference = D20C436A2ACE0DB000C1CB4B /* rawViewerTests.xctest */;
			productType = "com.apple.product-type.bundle.unit-test";
		};
		D20C43732ACE0DB000C1CB4B /* rawViewerUITests */ = {
			isa = PBXNativeTarget;
			buildConfigurationList = D20C43842ACE0DB000C1CB4B /* Build configuration list for PBXNativeTarget "rawViewerUITests" */;
			buildPhases = (
				D20C43702ACE0DB000C1CB4B /* Sources */,
				D20C43712ACE0DB000C1CB4B /* Frameworks */,
				D20C43722ACE0DB000C1CB4B /* Resources */,
			);
			buildRules = (
			);
			dependencies = (
				D20C43762ACE0DB000C1CB4B /* PBXTargetDependency */,
			);
			name = rawViewerUITests;
			productName = rawViewerUITests;
			productReference = D20C43742ACE0DB000C1CB4B /* rawViewerUITests.xctest */;
			productType = "com.apple.product-type.bundle.ui-testing";
		};
/* End PBXNativeTarget section */

/* Begin PBXProject section */
		D20C43512ACE0DAF00C1CB4B /* Project object */ = {
			isa = PBXProject;
			attributes = {
				BuildIndependentTargetsInParallel = 1;
				LastSwiftUpdateCheck = 1430;
				LastUpgradeCheck = 1430;
				TargetAttributes = {
					D20C43582ACE0DAF00C1CB4B = {
						CreatedOnToolsVersion = 14.3.1;
					};
					D20C43692ACE0DB000C1CB4B = {
						CreatedOnToolsVersion = 14.3.1;
						TestTargetID = D20C43582ACE0DAF00C1CB4B;
					};
					D20C43732ACE0DB000C1CB4B = {
						CreatedOnToolsVersion = 14.3.1;
						TestTargetID = D20C43582ACE0DAF00C1CB4B;
					};
				};
			};
			buildConfigurationList = D20C43542ACE0DAF00C1CB4B /* Build configuration list for PBXProject "rawViewer" */;
			compatibilityVersion = "Xcode 14.0";
			developmentRegion = en;
			hasScannedForEncodings = 0;
			knownRegions = (
				en,
				Base,
			);
			mainGroup = D20C43502ACE0DAF00C1CB4B;
			productRefGroup = D20C435A2ACE0DAF00C1CB4B /* Products */;
			projectDirPath = "";
			projectRoot = "";
			targets = (
				D20C43582ACE0DAF00C1CB4B /* rawViewer */,
				D20C43692ACE0DB000C1CB4B /* rawViewerTests */,
				D20C43732ACE0DB000C1CB4B /* rawViewerUITests */,
			);
		};
/* End PBXProject section */

/* Begin PBXResourcesBuildPhase section */
		D20C43572ACE0DAF00C1CB4B /* Resources */ = {
			isa = PBXResourcesBuildPhase;
			buildActionMask = 2147483647;
			files = (
				D20C43612ACE0DB000C1CB4B /* Assets.xcassets in Resources */,
				D20C43642ACE0DB000C1CB4B /* Main.storyboard in Resources */,
			);
			runOnlyForDeploymentPostprocessing = 0;
		};
		D20C43682ACE0DB000C1CB4B /* Resources */ = {
			isa = PBXResourcesBuildPhase;
			buildActionMask = 2147483647;
			files = (
			);
			runOnlyForDeploymentPostprocessing = 0;
		};
		D20C43722ACE0DB000C1CB4B /* Resources */ = {
			isa = PBXResourcesBuildPhase;
			buildActionMask = 2147483647;
			files = (
			);
			runOnlyForDeploymentPostprocessing = 0;
		};
/* End PBXResourcesBuildPhase section */

/* Begin PBXSourcesBuildPhase section */
		D20C43552ACE0DAF00C1CB4B /* Sources */ = {
			isa = PBXSourcesBuildPhase;
			buildActionMask = 2147483647;
			files = (
				D27359082ACE0F0E0077301C /* FileController.swift in Sources */,
				D20C435F2ACE0DAF00C1CB4B /* ViewController.swift in Sources */,
				D20C435D2ACE0DAF00C1CB4B /* AppDelegate.swift in Sources */,
			);
			runOnlyForDeploymentPostprocessing = 0;
		};
		D20C43662ACE0DB000C1CB4B /* Sources */ = {
			isa = PBXSourcesBuildPhase;
			buildActionMask = 2147483647;
			files = (
				D20C436F2ACE0DB000C1CB4B /* rawViewerTests.swift in Sources */,
			);
			runOnlyForDeploymentPostprocessing = 0;
		};
		D20C43702ACE0DB000C1CB4B /* Sources */ = {
			isa = PBXSourcesBuildPhase;
			buildActionMask = 2147483647;
			files = (
				D20C43792ACE0DB000C1CB4B /* rawViewerUITests.swift in Sources */,
				D20C437B2ACE0DB000C1CB4B /* rawViewerUITestsLaunchTests.swift in Sources */,
			);
			runOnlyForDeploymentPostprocessing = 0;
		};
/* End PBXSourcesBuildPhase section */

/* Begin PBXTargetDependency section */
		D20C436C2ACE0DB000C1CB4B /* PBXTargetDependency */ = {
			isa = PBXTargetDependency;
			target = D20C43582ACE0DAF00C1CB4B /* rawViewer */;
			targetProxy = D20C436B2ACE0DB000C1CB4B /* PBXContainerItemProxy */;
		};
		D20C43762ACE0DB000C1CB4B /* PBXTargetDependency */ = {
			isa = PBXTargetDependency;
			target = D20C43582ACE0DAF00C1CB4B /* rawViewer */;
			targetProxy = D20C43752ACE0DB000C1CB4B /* PBXContainerItemProxy */;
		};
/* End PBXTargetDependency section */

/* Begin PBXVariantGroup section */
		D20C43622ACE0DB000C1CB4B /* Main.storyboard */ = {
			isa = PBXVariantGroup;
			children = (
				D20C43632ACE0DB000C1CB4B /* Base */,
			);
			name = Main.storyboard;
			sourceTree = "<group>";
		};
/* End PBXVariantGroup section */

/* Begin XCBuildConfiguration section */
		D20C437C2ACE0DB000C1CB4B /* Debug */ = {
			isa = XCBuildConfiguration;
			buildSettings = {
				ALWAYS_SEARCH_USER_PATHS = NO;
				CLANG_ANALYZER_NONNULL = YES;
				CLANG_ANALYZER_NUMBER_OBJECT_CONVERSION = YES_AGGRESSIVE;
				CLANG_CXX_LANGUAGE_STANDARD = "gnu++20";
				CLANG_ENABLE_MODULES = YES;
				CLANG_ENABLE_OBJC_ARC = YES;
				CLANG_ENABLE_OBJC_WEAK = YES;
				CLANG_WARN_BLOCK_CAPTURE_AUTORELEASING = YES;
				CLANG_WARN_BOOL_CONVERSION = YES;
				CLANG_WARN_COMMA = YES;
				CLANG_WARN_CONSTANT_CONVERSION = YES;
				CLANG_WARN_DEPRECATED_OBJC_IMPLEMENTATIONS = YES;
				CLANG_WARN_DIRECT_OBJC_ISA_USAGE = YES_ERROR;
				CLANG_WARN_DOCUMENTATION_COMMENTS = YES;
				CLANG_WARN_EMPTY_BODY = YES;
				CLANG_WARN_ENUM_CONVERSION = YES;
				CLANG_WARN_INFINITE_RECURSION = YES;
				CLANG_WARN_INT_CONVERSION = YES;
				CLANG_WARN_NON_LITERAL_NULL_CONVERSION = YES;
				CLANG_WARN_OBJC_IMPLICIT_RETAIN_SELF = YES;
				CLANG_WARN_OBJC_LITERAL_CONVERSION = YES;
				CLANG_WARN_OBJC_ROOT_CLASS = YES_ERROR;
				CLANG_WARN_QUOTED_INCLUDE_IN_FRAMEWORK_HEADER = YES;
				CLANG_WARN_RANGE_LOOP_ANALYSIS = YES;
				CLANG_WARN_STRICT_PROTOTYPES = YES;
				CLANG_WARN_SUSPICIOUS_MOVE = YES;
				CLANG_WARN_UNGUARDED_AVAILABILITY = YES_AGGRESSIVE;
				CLANG_WARN_UNREACHABLE_CODE = YES;
				CLANG_WARN__DUPLICATE_METHOD_MATCH = YES;
				COPY_PHASE_STRIP = NO;
				DEBUG_INFORMATION_FORMAT = dwarf;
				ENABLE_STRICT_OBJC_MSGSEND = YES;
				ENABLE_TESTABILITY = YES;
				GCC_C_LANGUAGE_STANDARD = gnu11;
				GCC_DYNAMIC_NO_PIC = NO;
				GCC_NO_COMMON_BLOCKS = YES;
				GCC_OPTIMIZATION_LEVEL = 0;
				GCC_PREPROCESSOR_DEFINITIONS = (
					"DEBUG=1",
					"$(inherited)",
				);
				GCC_WARN_64_TO_32_BIT_CONVERSION = YES;
				GCC_WARN_ABOUT_RETURN_TYPE = YES_ERROR;
				GCC_WARN_UNDECLARED_SELECTOR = YES;
				GCC_WARN_UNINITIALIZED_AUTOS = YES_AGGRESSIVE;
				GCC_WARN_UNUSED_FUNCTION = YES;
				GCC_WARN_UNUSED_VARIABLE = YES;
				MACOSX_DEPLOYMENT_TARGET = 13.2;
				MTL_ENABLE_DEBUG_INFO = INCLUDE_SOURCE;
				MTL_FAST_MATH = YES;
				ONLY_ACTIVE_ARCH = YES;
				SDKROOT = macosx;
				SWIFT_ACTIVE_COMPILATION_CONDITIONS = DEBUG;
				SWIFT_OPTIMIZATION_LEVEL = "-Onone";
			};
			name = Debug;
		};
		D20C437D2ACE0DB000C1CB4B /* Release */ = {
			isa = XCBuildConfiguration;
			buildSettings = {
				ALWAYS_SEARCH_USER_PATHS = NO;
				CLANG_ANALYZER_NONNULL = YES;
				CLANG_ANALYZER_NUMBER_OBJECT_CONVERSION = YES_AGGRESSIVE;
				CLANG_CXX_LANGUAGE_STANDARD = "gnu++20";
				CLANG_ENABLE_MODULES = YES;
				CLANG_ENABLE_OBJC_ARC = YES;
				CLANG_ENABLE_OBJC_WEAK = YES;
				CLANG_WARN_BLOCK_CAPTURE_AUTORELEASING = YES;
				CLANG_WARN_BOOL_CONVERSION = YES;
				CLANG_WARN_COMMA = YES;
				CLANG_WARN_CONSTANT_CONVERSION = YES;
				CLANG_WARN_DEPRECATED_OBJC_IMPLEMENTATIONS = YES;
				CLANG_WARN_DIRECT_OBJC_ISA_USAGE = YES_ERROR;
				CLANG_WARN_DOCUMENTATION_COMMENTS = YES;
				CLANG_WARN_EMPTY_BODY = YES;
				CLANG_WARN_ENUM_CONVERSION = YES;
				CLANG_WARN_INFINITE_RECURSION = YES;
				CLANG_WARN_INT_CONVERSION = YES;
				CLANG_WARN_NON_LITERAL_NULL_CONVERSION = YES;
				CLANG_WARN_OBJC_IMPLICIT_RETAIN_SELF = YES;
				CLANG_WARN_OBJC_LITERAL_CONVERSION = YES;
				CLANG_WARN_OBJC_ROOT_CLASS = YES_ERROR;
				CLANG_WARN_QUOTED_INCLUDE_IN_FRAMEWORK_HEADER = YES;
				CLANG_WARN_RANGE_LOOP_ANALYSIS = YES;
				CLANG_WARN_STRICT_PROTOTYPES = YES;
				CLANG_WARN_SUSPICIOUS_MOVE = YES;
				CLANG_WARN_UNGUARDED_AVAILABILITY = YES_AGGRESSIVE;
				CLANG_WARN_UNREACHABLE_CODE = YES;
				CLANG_WARN__DUPLICATE_METHOD_MATCH = YES;
				COPY_PHASE_STRIP = NO;
				DEBUG_INFORMATION_FORMAT = "dwarf-with-dsym";
				ENABLE_NS_ASSERTIONS = NO;
				ENABLE_STRICT_OBJC_MSGSEND = YES;
				GCC_C_LANGUAGE_STANDARD = gnu11;
				GCC_NO_COMMON_BLOCKS = YES;
				GCC_WARN_64_TO_32_BIT_CONVERSION = YES;
				GCC_WARN_ABOUT_RETURN_TYPE = YES_ERROR;
				GCC_WARN_UNDECLARED_SELECTOR = YES;
				GCC_WARN_UNINITIALIZED_AUTOS = YES_AGGRESSIVE;
				GCC_WARN_UNUSED_FUNCTION = YES;
				GCC_WARN_UNUSED_VARIABLE = YES;
				MACOSX_DEPLOYMENT_TARGET = 13.2;
				MTL_ENABLE_DEBUG_INFO = NO;
				MTL_FAST_MATH = YES;
				SDKROOT = macosx;
				SWIFT_COMPILATION_MODE = wholemodule;
				SWIFT_OPTIMIZATION_LEVEL = "-O";
			};
			name = Release;
		};
		D20C437F2ACE0DB000C1CB4B /* Debug */ = {
			isa = XCBuildConfiguration;
			buildSettings = {
				ASSETCATALOG_COMPILER_APPICON_NAME = AppIcon;
				ASSETCATALOG_COMPILER_GLOBAL_ACCENT_COLOR_NAME = AccentColor;
				CODE_SIGN_ENTITLEMENTS = rawViewer/rawViewer.entitlements;
				CODE_SIGN_STYLE = Automatic;
				COMBINE_HIDPI_IMAGES = YES;
				CURRENT_PROJECT_VERSION = 1;
				GENERATE_INFOPLIST_FILE = YES;
				INFOPLIST_KEY_NSHumanReadableCopyright = "";
				INFOPLIST_KEY_NSMainStoryboardFile = Main;
				INFOPLIST_KEY_NSPrincipalClass = NSApplication;
				LD_RUNPATH_SEARCH_PATHS = (
					"$(inherited)",
					"@executable_path/../Frameworks",
				);
				MARKETING_VERSION = 1.0;
				PRODUCT_BUNDLE_IDENTIFIER = com.tp.prisching.rawViewer;
				PRODUCT_NAME = "$(TARGET_NAME)";
				SWIFT_EMIT_LOC_STRINGS = YES;
				SWIFT_VERSION = 5.0;
			};
			name = Debug;
		};
		D20C43802ACE0DB000C1CB4B /* Release */ = {
			isa = XCBuildConfiguration;
			buildSettings = {
				ASSETCATALOG_COMPILER_APPICON_NAME = AppIcon;
				ASSETCATALOG_COMPILER_GLOBAL_ACCENT_COLOR_NAME = AccentColor;
				CODE_SIGN_ENTITLEMENTS = rawViewer/rawViewer.entitlements;
				CODE_SIGN_STYLE = Automatic;
				COMBINE_HIDPI_IMAGES = YES;
				CURRENT_PROJECT_VERSION = 1;
				GENERATE_INFOPLIST_FILE = YES;
				INFOPLIST_KEY_NSHumanReadableCopyright = "";
				INFOPLIST_KEY_NSMainStoryboardFile = Main;
				INFOPLIST_KEY_NSPrincipalClass = NSApplication;
				LD_RUNPATH_SEARCH_PATHS = (
					"$(inherited)",
					"@executable_path/../Frameworks",
				);
				MARKETING_VERSION = 1.0;
				PRODUCT_BUNDLE_IDENTIFIER = com.tp.prisching.rawViewer;
				PRODUCT_NAME = "$(TARGET_NAME)";
				SWIFT_EMIT_LOC_STRINGS = YES;
				SWIFT_VERSION = 5.0;
			};
			name = Release;
		};
		D20C43822ACE0DB000C1CB4B /* Debug */ = {
			isa = XCBuildConfiguration;
			buildSettings = {
				ALWAYS_EMBED_SWIFT_STANDARD_LIBRARIES = YES;
				BUNDLE_LOADER = "$(TEST_HOST)";
				CODE_SIGN_STYLE = Automatic;
				CURRENT_PROJECT_VERSION = 1;
				GENERATE_INFOPLIST_FILE = YES;
				MACOSX_DEPLOYMENT_TARGET = 13.2;
				MARKETING_VERSION = 1.0;
				PRODUCT_BUNDLE_IDENTIFIER = com.tp.prisching.rawViewerTests;
				PRODUCT_NAME = "$(TARGET_NAME)";
				SWIFT_EMIT_LOC_STRINGS = NO;
				SWIFT_VERSION = 5.0;
				TEST_HOST = "$(BUILT_PRODUCTS_DIR)/rawViewer.app/$(BUNDLE_EXECUTABLE_FOLDER_PATH)/rawViewer";
			};
			name = Debug;
		};
		D20C43832ACE0DB000C1CB4B /* Release */ = {
			isa = XCBuildConfiguration;
			buildSettings = {
				ALWAYS_EMBED_SWIFT_STANDARD_LIBRARIES = YES;
				BUNDLE_LOADER = "$(TEST_HOST)";
				CODE_SIGN_STYLE = Automatic;
				CURRENT_PROJECT_VERSION = 1;
				GENERATE_INFOPLIST_FILE = YES;
				MACOSX_DEPLOYMENT_TARGET = 13.2;
				MARKETING_VERSION = 1.0;
				PRODUCT_BUNDLE_IDENTIFIER = com.tp.prisching.rawViewerTests;
				PRODUCT_NAME = "$(TARGET_NAME)";
				SWIFT_EMIT_LOC_STRINGS = NO;
				SWIFT_VERSION = 5.0;
				TEST_HOST = "$(BUILT_PRODUCTS_DIR)/rawViewer.app/$(BUNDLE_EXECUTABLE_FOLDER_PATH)/rawViewer";
			};
			name = Release;
		};
		D20C43852ACE0DB000C1CB4B /* Debug */ = {
			isa = XCBuildConfiguration;
			buildSettings = {
				ALWAYS_EMBED_SWIFT_STANDARD_LIBRARIES = YES;
				CODE_SIGN_STYLE = Automatic;
				CURRENT_PROJECT_VERSION = 1;
				GENERATE_INFOPLIST_FILE = YES;
				MARKETING_VERSION = 1.0;
				PRODUCT_BUNDLE_IDENTIFIER = com.tp.prisching.rawViewerUITests;
				PRODUCT_NAME = "$(TARGET_NAME)";
				SWIFT_EMIT_LOC_STRINGS = NO;
				SWIFT_VERSION = 5.0;
				TEST_TARGET_NAME = rawViewer;
			};
			name = Debug;
		};
		D20C43862ACE0DB000C1CB4B /* Release */ = {
			isa = XCBuildConfiguration;
			buildSettings = {
				ALWAYS_EMBED_SWIFT_STANDARD_LIBRARIES = YES;
				CODE_SIGN_STYLE = Automatic;
				CURRENT_PROJECT_VERSION = 1;
				GENERATE_INFOPLIST_FILE = YES;
				MARKETING_VERSION = 1.0;
				PRODUCT_BUNDLE_IDENTIFIER = com.tp.prisching.rawViewerUITests;
				PRODUCT_NAME = "$(TARGET_NAME)";
				SWIFT_EMIT_LOC_STRINGS = NO;
				SWIFT_VERSION = 5.0;
				TEST_TARGET_NAME = rawViewer;
			};
			name = Release;
		};
/* End XCBuildConfiguration section */

/* Begin XCConfigurationList section */
		D20C43542ACE0DAF00C1CB4B /* Build configuration list for PBXProject "rawViewer" */ = {
			isa = XCConfigurationList;
			buildConfigurations = (
				D20C437C2ACE0DB000C1CB4B /* Debug */,
				D20C437D2ACE0DB000C1CB4B /* Release */,
			);
			defaultConfigurationIsVisible = 0;
			defaultConfigurationName = Release;
		};
		D20C437E2ACE0DB000C1CB4B /* Build configuration list for PBXNativeTarget "rawViewer" */ = {
			isa = XCConfigurationList;
			buildConfigurations = (
				D20C437F2ACE0DB000C1CB4B /* Debug */,
				D20C43802ACE0DB000C1CB4B /* Release */,
			);
			defaultConfigurationIsVisible = 0;
			defaultConfigurationName = Release;
		};
		D20C43812ACE0DB000C1CB4B /* Build configuration list for PBXNativeTarget "rawViewerTests" */ = {
			isa = XCConfigurationList;
			buildConfigurations = (
				D20C43822ACE0DB000C1CB4B /* Debug */,
				D20C43832ACE0DB000C1CB4B /* Release */,
			);
			defaultConfigurationIsVisible = 0;
			defaultConfigurationName = Release;
		};
		D20C43842ACE0DB000C1CB4B /* Build configuration list for PBXNativeTarget "rawViewerUITests" */ = {
			isa = XCConfigurationList;
			buildConfigurations = (
				D20C43852ACE0DB000C1CB4B /* Debug */,
				D20C43862ACE0DB000C1CB4B /* Release */,
			);
			defaultConfigurationIsVisible = 0;
			defaultConfigurationName = Release;
		};
/* End XCConfigurationList section */
	};
	rootObject = D20C43512ACE0DAF00C1CB4B /* Project object */;
}
